
Microsoft Visual Studio Solution File, Format Version 12.00
# Visual Studio Version 17
VisualStudioVersion = 17.11.35431.28
MinimumVisualStudioVersion = 10.0.40219.1
Project("{9A19103F-16F7-4668-BE54-9A1E7A4F7556}") = "Web", "Web\Web.csproj", "{27118F98-3FCA-48A7-A113-C47C1A06F27A}"
EndProject
Project("{9A19103F-16F7-4668-BE54-9A1E7A4F7556}") = "Core", "Core\Core.csproj", "{7A61638B-2469-4D71-8839-CA3BD94C6B06}"
EndProject
Project("{FAE04EC0-301F-11D3-BF4B-00C04F79EFBC}") = "Infrastructure", "Infrastructure\Infrastructure.csproj", "{A93EB5EE-9AB4-4ED3-83F9-690676FCA668}"
EndProject
Global
	GlobalSection(SolutionConfigurationPlatforms) = preSolution
		Debug|Any CPU = Debug|Any CPU
		Release|Any CPU = Release|Any CPU
	EndGlobalSection
	GlobalSection(ProjectConfigurationPlatforms) = postSolution
		{27118F98-3FCA-48A7-A113-C47C1A06F27A}.Debug|Any CPU.ActiveCfg = Debug|Any CPU
		{27118F98-3FCA-48A7-A113-C47C1A06F27A}.Debug|Any CPU.Build.0 = Debug|Any CPU
		{27118F98-3FCA-48A7-A113-C47C1A06F27A}.Release|Any CPU.ActiveCfg = Release|Any CPU
		{27118F98-3FCA-48A7-A113-C47C1A06F27A}.Release|Any CPU.Build.0 = Release|Any CPU
		{7A61638B-2469-4D71-8839-CA3BD94C6B06}.Debug|Any CPU.ActiveCfg = Debug|Any CPU
		{7A61638B-2469-4D71-8839-CA3BD94C6B06}.Debug|Any CPU.Build.0 = Debug|Any CPU
		{7A61638B-2469-4D71-8839-CA3BD94C6B06}.Release|Any CPU.ActiveCfg = Release|Any CPU
		{7A61638B-2469-4D71-8839-CA3BD94C6B06}.Release|Any CPU.Build.0 = Release|Any CPU
		{A93EB5EE-9AB4-4ED3-83F9-690676FCA668}.Debug|Any CPU.ActiveCfg = Debug|Any CPU
		{A93EB5EE-9AB4-4ED3-83F9-690676FCA668}.Debug|Any CPU.Build.0 = Debug|Any CPU
		{A93EB5EE-9AB4-4ED3-83F9-690676FCA668}.Release|Any CPU.ActiveCfg = Release|Any CPU
		{A93EB5EE-9AB4-4ED3-83F9-690676FCA668}.Release|Any CPU.Build.0 = Release|Any CPU
	EndGlobalSection
	GlobalSection(SolutionProperties) = preSolution
		HideSolutionNode = FALSE
	EndGlobalSection
	GlobalSection(ExtensibilityGlobals) = postSolution
		SolutionGuid = {F3450796-C150-4058-BDE0-D64577558657}
	EndGlobalSection
EndGlobal
